
Microsoft Visual Studio Solution File, Format Version 12.00
# Visual Studio Version 17
VisualStudioVersion = 17.0.31717.71
MinimumVisualStudioVersion = 10.0.40219.1
Project("{6EC3EE1D-3C4E-46DD-8F32-0CC8E7565705}") = "Day1", "AdventOfCode\Day1.fsproj", "{10C562D6-0C56-472D-B714-26DE770579D4}"
EndProject
Project("{6EC3EE1D-3C4E-46DD-8F32-0CC8E7565705}") = "Day2", "Day2\Day2.fsproj", "{DFC0932D-F45C-4F9A-AC31-CF799E56EB63}"
EndProject
Project("{6EC3EE1D-3C4E-46DD-8F32-0CC8E7565705}") = "Day3", "Day3\Day3.fsproj", "{8B9BB08B-BE21-4141-81C6-3AFF278DAE5E}"
EndProject
Project("{6EC3EE1D-3C4E-46DD-8F32-0CC8E7565705}") = "Day4", "Day4\Day4.fsproj", "{F0C7AC7A-B13C-4F71-9948-93C01248BC5E}"
EndProject
Project("{9A19103F-16F7-4668-BE54-9A1E7A4F7556}") = "Day4Cs", "Day4Cs\Day4Cs.csproj", "{4A697EF9-59DC-46E7-9064-9DBB1F611FE8}"
EndProject
Project("{6EC3EE1D-3C4E-46DD-8F32-0CC8E7565705}") = "Day5", "Day5\Day5.fsproj", "{E09A4D4B-65FD-4C1B-BAD6-704426FBABD0}"
EndProject
Project("{9A19103F-16F7-4668-BE54-9A1E7A4F7556}") = "Day6Cs", "Day6Cs\Day6Cs.csproj", "{A9BA7B37-0773-4521-88A7-0015F05CA939}"
EndProject
Project("{9A19103F-16F7-4668-BE54-9A1E7A4F7556}") = "Day7Cs", "Day7Cs\Day7Cs.csproj", "{60A8052F-0437-4A18-AF41-34B0595306EF}"
EndProject
Project("{6EC3EE1D-3C4E-46DD-8F32-0CC8E7565705}") = "Day8", "Day8\Day8.fsproj", "{B8D7A8A2-6D93-4A40-9321-926619D69C84}"
EndProject
Project("{9A19103F-16F7-4668-BE54-9A1E7A4F7556}") = "Day9Cs", "Day9Cs\Day9Cs.csproj", "{208E829B-CBE3-478F-96AA-00B2386BCFC0}"
EndProject
Project("{9A19103F-16F7-4668-BE54-9A1E7A4F7556}") = "Day10Cs", "Day10Cs\Day10Cs.csproj", "{8479AC51-E457-4FFC-8A41-CAB736D0C4BE}"
EndProject
Project("{9A19103F-16F7-4668-BE54-9A1E7A4F7556}") = "Day11Cs", "Day11Cs\Day11Cs.csproj", "{BA0B0CDC-1E1A-4155-AC83-368E35F69A05}"
EndProject
Project("{6EC3EE1D-3C4E-46DD-8F32-0CC8E7565705}") = "Day12", "Day12\Day12.fsproj", "{1C419179-B19E-422B-8AE3-774903CEA14D}"
EndProject
Project("{9A19103F-16F7-4668-BE54-9A1E7A4F7556}") = "SolutionRunner", "Benchmarks\SolutionRunner.csproj", "{D54D44F0-7517-496A-9428-E40574F72470}"
EndProject
Project("{9A19103F-16F7-4668-BE54-9A1E7A4F7556}") = "Day13Cs", "Day13Cs\Day13Cs.csproj", "{9540315D-1850-4433-84D2-462130E06F76}"
EndProject
Project("{6EC3EE1D-3C4E-46DD-8F32-0CC8E7565705}") = "Day13Part2", "Day13Part2\Day13Part2.fsproj", "{A8F631AE-718A-4304-AD7A-3C2C3B5406E7}"
EndProject
Project("{9A19103F-16F7-4668-BE54-9A1E7A4F7556}") = "Day14Cs", "Day14\Day14Cs.csproj", "{3880C738-719B-46B8-92EB-69827828332F}"
EndProject
Project("{9A19103F-16F7-4668-BE54-9A1E7A4F7556}") = "Day15Cs", "Day15Cs\Day15Cs.csproj", "{48339312-2388-4955-93A9-50644F67C948}"
EndProject
Project("{9A19103F-16F7-4668-BE54-9A1E7A4F7556}") = "Day16Cs", "Day16Cs\Day16Cs.csproj", "{C99C1E1B-53B9-416A-86D6-E445DF40F662}"
EndProject
Project("{9A19103F-16F7-4668-BE54-9A1E7A4F7556}") = "Day17Cs", "Day17Cs\Day17Cs.csproj", "{6667FD77-087B-4CB4-A96F-BBE71E159A36}"
EndProject
Project("{9A19103F-16F7-4668-BE54-9A1E7A4F7556}") = "Day17SrcGen", "Day17SrcGen\Day17SrcGen.csproj", "{3E498A5E-9EE5-4E08-92D6-C3C93E58E945}"
EndProject
Project("{9A19103F-16F7-4668-BE54-9A1E7A4F7556}") = "Day18Cs", "Day18Cs\Day18Cs.csproj", "{F95ED466-0F6C-4D64-B271-BFA7D9FCF9DA}"
EndProject
Project("{9A19103F-16F7-4668-BE54-9A1E7A4F7556}") = "Day19CsNaive", "Day19Cs\Day19CsNaive.csproj", "{2757371C-50BA-42C9-B154-A41E6960614B}"
EndProject
Project("{9A19103F-16F7-4668-BE54-9A1E7A4F7556}") = "Day19CYK", "Day19CYK\Day19CYK.csproj", "{B7B1438C-2A74-484F-8D62-6990B9D24C2A}"
EndProject
Project("{9A19103F-16F7-4668-BE54-9A1E7A4F7556}") = "Day20Cs", "Day20Cs\Day20Cs.csproj", "{F6703AB8-268A-43BE-9ABD-E96BC6523C0A}"
EndProject
Project("{9A19103F-16F7-4668-BE54-9A1E7A4F7556}") = "Day21Cs", "Day21Cs\Day21Cs.csproj", "{B5BE2545-C4DA-44A6-803E-D1A43C3E8574}"
EndProject
Project("{9A19103F-16F7-4668-BE54-9A1E7A4F7556}") = "Day22Cs", "Day22Cs\Day22Cs.csproj", "{737AB890-8767-40DD-A54A-27C32308D46D}"
EndProject
Project("{9A19103F-16F7-4668-BE54-9A1E7A4F7556}") = "Day23Cs", "Day23Cs\Day23Cs.csproj", "{9BC004DB-5419-49A7-9DBE-BA463F8A36B9}"
EndProject
Project("{9A19103F-16F7-4668-BE54-9A1E7A4F7556}") = "Day24Cs", "Day24Cs\Day24Cs.csproj", "{378CCA7E-1A61-496B-B865-D2383790611F}"
EndProject
Project("{9A19103F-16F7-4668-BE54-9A1E7A4F7556}") = "BenchmarkGenerators", "BenchmarkGenerators\BenchmarkGenerators.csproj", "{BC8F7D27-3824-4308-8C45-92813ED2F77C}"
EndProject
Project("{2150E333-8FDC-42A3-9474-1A3956D46DE8}") = "2021", "2021", "{21FE4E55-237D-4F3D-81EA-960A378C7588}"
EndProject
Project("{9A19103F-16F7-4668-BE54-9A1E7A4F7556}") = "Day1_2021Cs", "Day1_2021Cs\Day1_2021Cs.csproj", "{57687A5E-9229-409A-82F3-1978DF2EF9AF}"
EndProject
Project("{9A19103F-16F7-4668-BE54-9A1E7A4F7556}") = "Day3_2021Cs", "Day3_2021Cs\Day3_2021Cs.csproj", "{36DEB693-B8DB-4EA8-888D-6DC996553F19}"
EndProject
Project("{9A19103F-16F7-4668-BE54-9A1E7A4F7556}") = "Day4_2021Cs", "Day4_2021Cs\Day4_2021Cs.csproj", "{FCECF731-1293-4064-9CB6-F0259C08D24B}"
EndProject
Project("{9A19103F-16F7-4668-BE54-9A1E7A4F7556}") = "Day5Cs_2021", "Day5Cs_2021\Day5Cs_2021.csproj", "{023057FC-799A-4193-8466-B026370EE55A}"
EndProject
Project("{2150E333-8FDC-42A3-9474-1A3956D46DE8}") = "2020", "2020", "{F635809C-2C05-4B38-AFD8-8E0DC5925311}"
EndProject
Project("{2150E333-8FDC-42A3-9474-1A3956D46DE8}") = "Day2_2021SQL", "Day2_2021SQL", "{8B6E1F30-3934-4B7D-B47E-42C9D26A83EA}"
	ProjectSection(SolutionItems) = preProject
		Day2_2021Sql\generate_sqlfile.sh = Day2_2021Sql\generate_sqlfile.sh
		Day2_2021Sql\input2_2021.txt = Day2_2021Sql\input2_2021.txt
		Day2_2021Sql\part1.sh = Day2_2021Sql\part1.sh
		Day2_2021Sql\part1.sql = Day2_2021Sql\part1.sql
		Day2_2021Sql\part2.sh = Day2_2021Sql\part2.sh
		Day2_2021Sql\part2.sql = Day2_2021Sql\part2.sql
	EndProjectSection
EndProject
Global
	GlobalSection(SolutionConfigurationPlatforms) = preSolution
		Debug|Any CPU = Debug|Any CPU
		Release|Any CPU = Release|Any CPU
	EndGlobalSection
	GlobalSection(ProjectConfigurationPlatforms) = postSolution
		{10C562D6-0C56-472D-B714-26DE770579D4}.Debug|Any CPU.ActiveCfg = Debug|Any CPU
		{10C562D6-0C56-472D-B714-26DE770579D4}.Debug|Any CPU.Build.0 = Debug|Any CPU
		{10C562D6-0C56-472D-B714-26DE770579D4}.Release|Any CPU.ActiveCfg = Release|Any CPU
		{10C562D6-0C56-472D-B714-26DE770579D4}.Release|Any CPU.Build.0 = Release|Any CPU
		{DFC0932D-F45C-4F9A-AC31-CF799E56EB63}.Debug|Any CPU.ActiveCfg = Debug|Any CPU
		{DFC0932D-F45C-4F9A-AC31-CF799E56EB63}.Debug|Any CPU.Build.0 = Debug|Any CPU
		{DFC0932D-F45C-4F9A-AC31-CF799E56EB63}.Release|Any CPU.ActiveCfg = Release|Any CPU
		{DFC0932D-F45C-4F9A-AC31-CF799E56EB63}.Release|Any CPU.Build.0 = Release|Any CPU
		{8B9BB08B-BE21-4141-81C6-3AFF278DAE5E}.Debug|Any CPU.ActiveCfg = Debug|Any CPU
		{8B9BB08B-BE21-4141-81C6-3AFF278DAE5E}.Debug|Any CPU.Build.0 = Debug|Any CPU
		{8B9BB08B-BE21-4141-81C6-3AFF278DAE5E}.Release|Any CPU.ActiveCfg = Release|Any CPU
		{8B9BB08B-BE21-4141-81C6-3AFF278DAE5E}.Release|Any CPU.Build.0 = Release|Any CPU
		{F0C7AC7A-B13C-4F71-9948-93C01248BC5E}.Debug|Any CPU.ActiveCfg = Debug|Any CPU
		{F0C7AC7A-B13C-4F71-9948-93C01248BC5E}.Debug|Any CPU.Build.0 = Debug|Any CPU
		{F0C7AC7A-B13C-4F71-9948-93C01248BC5E}.Release|Any CPU.ActiveCfg = Release|Any CPU
		{F0C7AC7A-B13C-4F71-9948-93C01248BC5E}.Release|Any CPU.Build.0 = Release|Any CPU
		{4A697EF9-59DC-46E7-9064-9DBB1F611FE8}.Debug|Any CPU.ActiveCfg = Debug|Any CPU
		{4A697EF9-59DC-46E7-9064-9DBB1F611FE8}.Debug|Any CPU.Build.0 = Debug|Any CPU
		{4A697EF9-59DC-46E7-9064-9DBB1F611FE8}.Release|Any CPU.ActiveCfg = Release|Any CPU
		{4A697EF9-59DC-46E7-9064-9DBB1F611FE8}.Release|Any CPU.Build.0 = Release|Any CPU
		{E09A4D4B-65FD-4C1B-BAD6-704426FBABD0}.Debug|Any CPU.ActiveCfg = Debug|Any CPU
		{E09A4D4B-65FD-4C1B-BAD6-704426FBABD0}.Debug|Any CPU.Build.0 = Debug|Any CPU
		{E09A4D4B-65FD-4C1B-BAD6-704426FBABD0}.Release|Any CPU.ActiveCfg = Release|Any CPU
		{E09A4D4B-65FD-4C1B-BAD6-704426FBABD0}.Release|Any CPU.Build.0 = Release|Any CPU
		{A9BA7B37-0773-4521-88A7-0015F05CA939}.Debug|Any CPU.ActiveCfg = Debug|Any CPU
		{A9BA7B37-0773-4521-88A7-0015F05CA939}.Debug|Any CPU.Build.0 = Debug|Any CPU
		{A9BA7B37-0773-4521-88A7-0015F05CA939}.Release|Any CPU.ActiveCfg = Release|Any CPU
		{A9BA7B37-0773-4521-88A7-0015F05CA939}.Release|Any CPU.Build.0 = Release|Any CPU
		{60A8052F-0437-4A18-AF41-34B0595306EF}.Debug|Any CPU.ActiveCfg = Debug|Any CPU
		{60A8052F-0437-4A18-AF41-34B0595306EF}.Debug|Any CPU.Build.0 = Debug|Any CPU
		{60A8052F-0437-4A18-AF41-34B0595306EF}.Release|Any CPU.ActiveCfg = Release|Any CPU
		{60A8052F-0437-4A18-AF41-34B0595306EF}.Release|Any CPU.Build.0 = Release|Any CPU
		{B8D7A8A2-6D93-4A40-9321-926619D69C84}.Debug|Any CPU.ActiveCfg = Debug|Any CPU
		{B8D7A8A2-6D93-4A40-9321-926619D69C84}.Debug|Any CPU.Build.0 = Debug|Any CPU
		{B8D7A8A2-6D93-4A40-9321-926619D69C84}.Release|Any CPU.ActiveCfg = Release|Any CPU
		{B8D7A8A2-6D93-4A40-9321-926619D69C84}.Release|Any CPU.Build.0 = Release|Any CPU
		{208E829B-CBE3-478F-96AA-00B2386BCFC0}.Debug|Any CPU.ActiveCfg = Debug|Any CPU
		{208E829B-CBE3-478F-96AA-00B2386BCFC0}.Debug|Any CPU.Build.0 = Debug|Any CPU
		{208E829B-CBE3-478F-96AA-00B2386BCFC0}.Release|Any CPU.ActiveCfg = Release|Any CPU
		{208E829B-CBE3-478F-96AA-00B2386BCFC0}.Release|Any CPU.Build.0 = Release|Any CPU
		{8479AC51-E457-4FFC-8A41-CAB736D0C4BE}.Debug|Any CPU.ActiveCfg = Debug|Any CPU
		{8479AC51-E457-4FFC-8A41-CAB736D0C4BE}.Debug|Any CPU.Build.0 = Debug|Any CPU
		{8479AC51-E457-4FFC-8A41-CAB736D0C4BE}.Release|Any CPU.ActiveCfg = Release|Any CPU
		{8479AC51-E457-4FFC-8A41-CAB736D0C4BE}.Release|Any CPU.Build.0 = Release|Any CPU
		{BA0B0CDC-1E1A-4155-AC83-368E35F69A05}.Debug|Any CPU.ActiveCfg = Debug|Any CPU
		{BA0B0CDC-1E1A-4155-AC83-368E35F69A05}.Debug|Any CPU.Build.0 = Debug|Any CPU
		{BA0B0CDC-1E1A-4155-AC83-368E35F69A05}.Release|Any CPU.ActiveCfg = Release|Any CPU
		{BA0B0CDC-1E1A-4155-AC83-368E35F69A05}.Release|Any CPU.Build.0 = Release|Any CPU
		{1C419179-B19E-422B-8AE3-774903CEA14D}.Debug|Any CPU.ActiveCfg = Debug|Any CPU
		{1C419179-B19E-422B-8AE3-774903CEA14D}.Debug|Any CPU.Build.0 = Debug|Any CPU
		{1C419179-B19E-422B-8AE3-774903CEA14D}.Release|Any CPU.ActiveCfg = Release|Any CPU
		{1C419179-B19E-422B-8AE3-774903CEA14D}.Release|Any CPU.Build.0 = Release|Any CPU
		{D54D44F0-7517-496A-9428-E40574F72470}.Debug|Any CPU.ActiveCfg = Debug|Any CPU
		{D54D44F0-7517-496A-9428-E40574F72470}.Debug|Any CPU.Build.0 = Debug|Any CPU
		{D54D44F0-7517-496A-9428-E40574F72470}.Release|Any CPU.ActiveCfg = Release|Any CPU
		{D54D44F0-7517-496A-9428-E40574F72470}.Release|Any CPU.Build.0 = Release|Any CPU
		{9540315D-1850-4433-84D2-462130E06F76}.Debug|Any CPU.ActiveCfg = Debug|Any CPU
		{9540315D-1850-4433-84D2-462130E06F76}.Debug|Any CPU.Build.0 = Debug|Any CPU
		{9540315D-1850-4433-84D2-462130E06F76}.Release|Any CPU.ActiveCfg = Release|Any CPU
		{9540315D-1850-4433-84D2-462130E06F76}.Release|Any CPU.Build.0 = Release|Any CPU
		{A8F631AE-718A-4304-AD7A-3C2C3B5406E7}.Debug|Any CPU.ActiveCfg = Debug|Any CPU
		{A8F631AE-718A-4304-AD7A-3C2C3B5406E7}.Debug|Any CPU.Build.0 = Debug|Any CPU
		{A8F631AE-718A-4304-AD7A-3C2C3B5406E7}.Release|Any CPU.ActiveCfg = Release|Any CPU
		{A8F631AE-718A-4304-AD7A-3C2C3B5406E7}.Release|Any CPU.Build.0 = Release|Any CPU
		{3880C738-719B-46B8-92EB-69827828332F}.Debug|Any CPU.ActiveCfg = Debug|Any CPU
		{3880C738-719B-46B8-92EB-69827828332F}.Debug|Any CPU.Build.0 = Debug|Any CPU
		{3880C738-719B-46B8-92EB-69827828332F}.Release|Any CPU.ActiveCfg = Release|Any CPU
		{3880C738-719B-46B8-92EB-69827828332F}.Release|Any CPU.Build.0 = Release|Any CPU
		{48339312-2388-4955-93A9-50644F67C948}.Debug|Any CPU.ActiveCfg = Debug|Any CPU
		{48339312-2388-4955-93A9-50644F67C948}.Debug|Any CPU.Build.0 = Debug|Any CPU
		{48339312-2388-4955-93A9-50644F67C948}.Release|Any CPU.ActiveCfg = Release|Any CPU
		{48339312-2388-4955-93A9-50644F67C948}.Release|Any CPU.Build.0 = Release|Any CPU
		{C99C1E1B-53B9-416A-86D6-E445DF40F662}.Debug|Any CPU.ActiveCfg = Debug|Any CPU
		{C99C1E1B-53B9-416A-86D6-E445DF40F662}.Debug|Any CPU.Build.0 = Debug|Any CPU
		{C99C1E1B-53B9-416A-86D6-E445DF40F662}.Release|Any CPU.ActiveCfg = Release|Any CPU
		{C99C1E1B-53B9-416A-86D6-E445DF40F662}.Release|Any CPU.Build.0 = Release|Any CPU
		{6667FD77-087B-4CB4-A96F-BBE71E159A36}.Debug|Any CPU.ActiveCfg = Debug|Any CPU
		{6667FD77-087B-4CB4-A96F-BBE71E159A36}.Debug|Any CPU.Build.0 = Debug|Any CPU
		{6667FD77-087B-4CB4-A96F-BBE71E159A36}.Release|Any CPU.ActiveCfg = Release|Any CPU
		{6667FD77-087B-4CB4-A96F-BBE71E159A36}.Release|Any CPU.Build.0 = Release|Any CPU
		{3E498A5E-9EE5-4E08-92D6-C3C93E58E945}.Debug|Any CPU.ActiveCfg = Debug|Any CPU
		{3E498A5E-9EE5-4E08-92D6-C3C93E58E945}.Debug|Any CPU.Build.0 = Debug|Any CPU
		{3E498A5E-9EE5-4E08-92D6-C3C93E58E945}.Release|Any CPU.ActiveCfg = Release|Any CPU
		{3E498A5E-9EE5-4E08-92D6-C3C93E58E945}.Release|Any CPU.Build.0 = Release|Any CPU
		{F95ED466-0F6C-4D64-B271-BFA7D9FCF9DA}.Debug|Any CPU.ActiveCfg = Debug|Any CPU
		{F95ED466-0F6C-4D64-B271-BFA7D9FCF9DA}.Debug|Any CPU.Build.0 = Debug|Any CPU
		{F95ED466-0F6C-4D64-B271-BFA7D9FCF9DA}.Release|Any CPU.ActiveCfg = Release|Any CPU
		{F95ED466-0F6C-4D64-B271-BFA7D9FCF9DA}.Release|Any CPU.Build.0 = Release|Any CPU
		{2757371C-50BA-42C9-B154-A41E6960614B}.Debug|Any CPU.ActiveCfg = Debug|Any CPU
		{2757371C-50BA-42C9-B154-A41E6960614B}.Debug|Any CPU.Build.0 = Debug|Any CPU
		{2757371C-50BA-42C9-B154-A41E6960614B}.Release|Any CPU.ActiveCfg = Release|Any CPU
		{2757371C-50BA-42C9-B154-A41E6960614B}.Release|Any CPU.Build.0 = Release|Any CPU
		{B7B1438C-2A74-484F-8D62-6990B9D24C2A}.Debug|Any CPU.ActiveCfg = Debug|Any CPU
		{B7B1438C-2A74-484F-8D62-6990B9D24C2A}.Debug|Any CPU.Build.0 = Debug|Any CPU
		{B7B1438C-2A74-484F-8D62-6990B9D24C2A}.Release|Any CPU.ActiveCfg = Release|Any CPU
		{B7B1438C-2A74-484F-8D62-6990B9D24C2A}.Release|Any CPU.Build.0 = Release|Any CPU
		{F6703AB8-268A-43BE-9ABD-E96BC6523C0A}.Debug|Any CPU.ActiveCfg = Debug|Any CPU
		{F6703AB8-268A-43BE-9ABD-E96BC6523C0A}.Debug|Any CPU.Build.0 = Debug|Any CPU
		{F6703AB8-268A-43BE-9ABD-E96BC6523C0A}.Release|Any CPU.ActiveCfg = Release|Any CPU
		{F6703AB8-268A-43BE-9ABD-E96BC6523C0A}.Release|Any CPU.Build.0 = Release|Any CPU
		{B5BE2545-C4DA-44A6-803E-D1A43C3E8574}.Debug|Any CPU.ActiveCfg = Debug|Any CPU
		{B5BE2545-C4DA-44A6-803E-D1A43C3E8574}.Debug|Any CPU.Build.0 = Debug|Any CPU
		{B5BE2545-C4DA-44A6-803E-D1A43C3E8574}.Release|Any CPU.ActiveCfg = Release|Any CPU
		{B5BE2545-C4DA-44A6-803E-D1A43C3E8574}.Release|Any CPU.Build.0 = Release|Any CPU
		{737AB890-8767-40DD-A54A-27C32308D46D}.Debug|Any CPU.ActiveCfg = Debug|Any CPU
		{737AB890-8767-40DD-A54A-27C32308D46D}.Debug|Any CPU.Build.0 = Debug|Any CPU
		{737AB890-8767-40DD-A54A-27C32308D46D}.Release|Any CPU.ActiveCfg = Release|Any CPU
		{737AB890-8767-40DD-A54A-27C32308D46D}.Release|Any CPU.Build.0 = Release|Any CPU
		{9BC004DB-5419-49A7-9DBE-BA463F8A36B9}.Debug|Any CPU.ActiveCfg = Debug|Any CPU
		{9BC004DB-5419-49A7-9DBE-BA463F8A36B9}.Debug|Any CPU.Build.0 = Debug|Any CPU
		{9BC004DB-5419-49A7-9DBE-BA463F8A36B9}.Release|Any CPU.ActiveCfg = Release|Any CPU
		{9BC004DB-5419-49A7-9DBE-BA463F8A36B9}.Release|Any CPU.Build.0 = Release|Any CPU
		{378CCA7E-1A61-496B-B865-D2383790611F}.Debug|Any CPU.ActiveCfg = Debug|Any CPU
		{378CCA7E-1A61-496B-B865-D2383790611F}.Debug|Any CPU.Build.0 = Debug|Any CPU
		{378CCA7E-1A61-496B-B865-D2383790611F}.Release|Any CPU.ActiveCfg = Release|Any CPU
		{378CCA7E-1A61-496B-B865-D2383790611F}.Release|Any CPU.Build.0 = Release|Any CPU
		{BC8F7D27-3824-4308-8C45-92813ED2F77C}.Debug|Any CPU.ActiveCfg = Debug|Any CPU
		{BC8F7D27-3824-4308-8C45-92813ED2F77C}.Debug|Any CPU.Build.0 = Debug|Any CPU
		{BC8F7D27-3824-4308-8C45-92813ED2F77C}.Release|Any CPU.ActiveCfg = Release|Any CPU
		{BC8F7D27-3824-4308-8C45-92813ED2F77C}.Release|Any CPU.Build.0 = Release|Any CPU
		{57687A5E-9229-409A-82F3-1978DF2EF9AF}.Debug|Any CPU.ActiveCfg = Debug|Any CPU
		{57687A5E-9229-409A-82F3-1978DF2EF9AF}.Debug|Any CPU.Build.0 = Debug|Any CPU
		{57687A5E-9229-409A-82F3-1978DF2EF9AF}.Release|Any CPU.ActiveCfg = Release|Any CPU
		{57687A5E-9229-409A-82F3-1978DF2EF9AF}.Release|Any CPU.Build.0 = Release|Any CPU
		{36DEB693-B8DB-4EA8-888D-6DC996553F19}.Debug|Any CPU.ActiveCfg = Debug|Any CPU
		{36DEB693-B8DB-4EA8-888D-6DC996553F19}.Debug|Any CPU.Build.0 = Debug|Any CPU
		{36DEB693-B8DB-4EA8-888D-6DC996553F19}.Release|Any CPU.ActiveCfg = Release|Any CPU
		{36DEB693-B8DB-4EA8-888D-6DC996553F19}.Release|Any CPU.Build.0 = Release|Any CPU
		{FCECF731-1293-4064-9CB6-F0259C08D24B}.Debug|Any CPU.ActiveCfg = Debug|Any CPU
		{FCECF731-1293-4064-9CB6-F0259C08D24B}.Debug|Any CPU.Build.0 = Debug|Any CPU
		{FCECF731-1293-4064-9CB6-F0259C08D24B}.Release|Any CPU.ActiveCfg = Release|Any CPU
		{FCECF731-1293-4064-9CB6-F0259C08D24B}.Release|Any CPU.Build.0 = Release|Any CPU
		{023057FC-799A-4193-8466-B026370EE55A}.Debug|Any CPU.ActiveCfg = Debug|Any CPU
		{023057FC-799A-4193-8466-B026370EE55A}.Debug|Any CPU.Build.0 = Debug|Any CPU
		{023057FC-799A-4193-8466-B026370EE55A}.Release|Any CPU.ActiveCfg = Release|Any CPU
		{023057FC-799A-4193-8466-B026370EE55A}.Release|Any CPU.Build.0 = Release|Any CPU
	EndGlobalSection
	GlobalSection(SolutionProperties) = preSolution
		HideSolutionNode = FALSE
	EndGlobalSection
	GlobalSection(NestedProjects) = preSolution
		{10C562D6-0C56-472D-B714-26DE770579D4} = {F635809C-2C05-4B38-AFD8-8E0DC5925311}
		{DFC0932D-F45C-4F9A-AC31-CF799E56EB63} = {F635809C-2C05-4B38-AFD8-8E0DC5925311}
		{8B9BB08B-BE21-4141-81C6-3AFF278DAE5E} = {F635809C-2C05-4B38-AFD8-8E0DC5925311}
		{F0C7AC7A-B13C-4F71-9948-93C01248BC5E} = {F635809C-2C05-4B38-AFD8-8E0DC5925311}
		{4A697EF9-59DC-46E7-9064-9DBB1F611FE8} = {F635809C-2C05-4B38-AFD8-8E0DC5925311}
		{E09A4D4B-65FD-4C1B-BAD6-704426FBABD0} = {F635809C-2C05-4B38-AFD8-8E0DC5925311}
		{A9BA7B37-0773-4521-88A7-0015F05CA939} = {F635809C-2C05-4B38-AFD8-8E0DC5925311}
		{60A8052F-0437-4A18-AF41-34B0595306EF} = {F635809C-2C05-4B38-AFD8-8E0DC5925311}
		{B8D7A8A2-6D93-4A40-9321-926619D69C84} = {F635809C-2C05-4B38-AFD8-8E0DC5925311}
		{208E829B-CBE3-478F-96AA-00B2386BCFC0} = {F635809C-2C05-4B38-AFD8-8E0DC5925311}
		{8479AC51-E457-4FFC-8A41-CAB736D0C4BE} = {F635809C-2C05-4B38-AFD8-8E0DC5925311}
		{BA0B0CDC-1E1A-4155-AC83-368E35F69A05} = {F635809C-2C05-4B38-AFD8-8E0DC5925311}
		{1C419179-B19E-422B-8AE3-774903CEA14D} = {F635809C-2C05-4B38-AFD8-8E0DC5925311}
		{9540315D-1850-4433-84D2-462130E06F76} = {F635809C-2C05-4B38-AFD8-8E0DC5925311}
		{A8F631AE-718A-4304-AD7A-3C2C3B5406E7} = {F635809C-2C05-4B38-AFD8-8E0DC5925311}
		{3880C738-719B-46B8-92EB-69827828332F} = {F635809C-2C05-4B38-AFD8-8E0DC5925311}
		{48339312-2388-4955-93A9-50644F67C948} = {F635809C-2C05-4B38-AFD8-8E0DC5925311}
		{C99C1E1B-53B9-416A-86D6-E445DF40F662} = {F635809C-2C05-4B38-AFD8-8E0DC5925311}
		{6667FD77-087B-4CB4-A96F-BBE71E159A36} = {F635809C-2C05-4B38-AFD8-8E0DC5925311}
		{3E498A5E-9EE5-4E08-92D6-C3C93E58E945} = {F635809C-2C05-4B38-AFD8-8E0DC5925311}
		{F95ED466-0F6C-4D64-B271-BFA7D9FCF9DA} = {F635809C-2C05-4B38-AFD8-8E0DC5925311}
		{2757371C-50BA-42C9-B154-A41E6960614B} = {F635809C-2C05-4B38-AFD8-8E0DC5925311}
		{B7B1438C-2A74-484F-8D62-6990B9D24C2A} = {F635809C-2C05-4B38-AFD8-8E0DC5925311}
		{F6703AB8-268A-43BE-9ABD-E96BC6523C0A} = {F635809C-2C05-4B38-AFD8-8E0DC5925311}
		{B5BE2545-C4DA-44A6-803E-D1A43C3E8574} = {F635809C-2C05-4B38-AFD8-8E0DC5925311}
		{737AB890-8767-40DD-A54A-27C32308D46D} = {F635809C-2C05-4B38-AFD8-8E0DC5925311}
		{9BC004DB-5419-49A7-9DBE-BA463F8A36B9} = {F635809C-2C05-4B38-AFD8-8E0DC5925311}
		{378CCA7E-1A61-496B-B865-D2383790611F} = {F635809C-2C05-4B38-AFD8-8E0DC5925311}
		{57687A5E-9229-409A-82F3-1978DF2EF9AF} = {21FE4E55-237D-4F3D-81EA-960A378C7588}
		{36DEB693-B8DB-4EA8-888D-6DC996553F19} = {21FE4E55-237D-4F3D-81EA-960A378C7588}
		{FCECF731-1293-4064-9CB6-F0259C08D24B} = {21FE4E55-237D-4F3D-81EA-960A378C7588}
		{023057FC-799A-4193-8466-B026370EE55A} = {21FE4E55-237D-4F3D-81EA-960A378C7588}
		{8B6E1F30-3934-4B7D-B47E-42C9D26A83EA} = {21FE4E55-237D-4F3D-81EA-960A378C7588}
	EndGlobalSection
	GlobalSection(ExtensibilityGlobals) = postSolution
		SolutionGuid = {6E7BDC15-2E08-47F1-AEF0-357E5450EFAF}
	EndGlobalSection
EndGlobal
